
Microsoft Visual Studio Solution File, Format Version 12.00
# Visual Studio Version 16
VisualStudioVersion = 16.0.30413.136
MinimumVisualStudioVersion = 10.0.40219.1
Project("{FAE04EC0-301F-11D3-BF4B-00C04F79EFBC}") = "IOSBuildServer", "IOSBuildServer\IOSBuildServer.csproj", "{694779A6-5FE5-4DF9-8F7D-AF63E93FFF2A}"
EndProject
Global
	GlobalSection(SolutionConfigurationPlatforms) = preSolution
		Debug|Any CPU = Debug|Any CPU
		Release|Any CPU = Release|Any CPU
	EndGlobalSection
	GlobalSection(ProjectConfigurationPlatforms) = postSolution
		{694779A6-5FE5-4DF9-8F7D-AF63E93FFF2A}.Debug|Any CPU.ActiveCfg = Debug|Any CPU
		{694779A6-5FE5-4DF9-8F7D-AF63E93FFF2A}.Debug|Any CPU.Build.0 = Debug|Any CPU
		{694779A6-5FE5-4DF9-8F7D-AF63E93FFF2A}.Release|Any CPU.ActiveCfg = Release|Any CPU
		{694779A6-5FE5-4DF9-8F7D-AF63E93FFF2A}.Release|Any CPU.Build.0 = Release|Any CPU
	EndGlobalSection
	GlobalSection(SolutionProperties) = preSolution
		HideSolutionNode = FALSE
	EndGlobalSection
	GlobalSection(ExtensibilityGlobals) = postSolution
		SolutionGuid = {A292C1DC-0C44-435D-8A8E-B298CD1702B2}
	EndGlobalSection
EndGlobal
