
Microsoft Visual Studio Solution File, Format Version 12.00
# Visual Studio 15
VisualStudioVersion = 15.0.28307.271
MinimumVisualStudioVersion = 10.0.40219.1
Project("{FAE04EC0-301F-11D3-BF4B-00C04F79EFBC}") = "UnityBuildTool", "UnityBuildTool\UnityBuildTool.csproj", "{557F95AE-3AC1-4FF2-BD3A-C0D10DB9299C}"
EndProject
Project("{9A19103F-16F7-4668-BE54-9A1E7A4F7556}") = "KLib", "..\KLib\KLib\KLib.csproj", "{BAAD1602-888F-4D58-B902-3E08DC1D80FF}"
EndProject
Global
	GlobalSection(SolutionConfigurationPlatforms) = preSolution
		Debug|Any CPU = Debug|Any CPU
		Release|Any CPU = Release|Any CPU
	EndGlobalSection
	GlobalSection(ProjectConfigurationPlatforms) = postSolution
		{557F95AE-3AC1-4FF2-BD3A-C0D10DB9299C}.Debug|Any CPU.ActiveCfg = Debug|Any CPU
		{557F95AE-3AC1-4FF2-BD3A-C0D10DB9299C}.Debug|Any CPU.Build.0 = Debug|Any CPU
		{557F95AE-3AC1-4FF2-BD3A-C0D10DB9299C}.Release|Any CPU.ActiveCfg = Release|Any CPU
		{557F95AE-3AC1-4FF2-BD3A-C0D10DB9299C}.Release|Any CPU.Build.0 = Release|Any CPU
		{BAAD1602-888F-4D58-B902-3E08DC1D80FF}.Debug|Any CPU.ActiveCfg = Debug|Any CPU
		{BAAD1602-888F-4D58-B902-3E08DC1D80FF}.Debug|Any CPU.Build.0 = Debug|Any CPU
		{BAAD1602-888F-4D58-B902-3E08DC1D80FF}.Release|Any CPU.ActiveCfg = Release|Any CPU
		{BAAD1602-888F-4D58-B902-3E08DC1D80FF}.Release|Any CPU.Build.0 = Release|Any CPU
	EndGlobalSection
	GlobalSection(SolutionProperties) = preSolution
		HideSolutionNode = FALSE
	EndGlobalSection
	GlobalSection(ExtensibilityGlobals) = postSolution
		SolutionGuid = {531ADD45-64B1-490C-B994-9527DC095057}
	EndGlobalSection
EndGlobal
